lockfileVersion: '9.0'

settings:
  autoInstallPeers: true
  excludeLinksFromLockfile: false

importers:

  .:
    devDependencies:
      '@async/api-contract':
        specifier: 0.1.1
        version: 0.1.1
      '@async/claims':
        specifier: 0.1.0
        version: 0.1.0
      '@async/pipeline':
        specifier: 0.4.4
        version: 0.4.4

packages:

  '@async/api-contract@0.1.1':
    resolution: {integrity: sha512-NQBmR6ykHHVLviz1qkkHdiBUL+SVL+xTCNmTN1yB2Nf6qCrgx2wCkaa5fUegk4ihXehkpEFLSprkOsgJxNuKAA==}
    engines: {node: '>=24'}
    hasBin: true

  '@async/claims@0.1.0':
    resolution: {integrity: sha512-SBBDbsj3fLqAVYCd8uAoJBROtTFH12dpwtIjbxfC+4y792uDu0b36VMsXVQsMrZRXy9DEHlhGhr85eoaUTjD5A==}
    engines: {node: '>=24'}
    hasBin: true

  '@async/pipeline@0.4.4':
    resolution: {integrity: sha512-y/sWpJZkwbei7w6Wwjyf8XR1Ds7/gmoRd/Qc3XsNOysnMG4p6r06TWMCFA9mMKa1jASUogjQBt67RzFbsNyO9g==}
    engines: {node: '>=24'}
    hasBin: true

snapshots:

  '@async/api-contract@0.1.1': {}

  '@async/claims@0.1.0': {}

  '@async/pipeline@0.4.4': {}
